
Microsoft Visual Studio Solution File, Format Version 12.00
# Visual Studio Version 16
VisualStudioVersion = 16.0.30413.136
MinimumVisualStudioVersion = 10.0.40219.1
Project("{9A19103F-16F7-4668-BE54-9A1E7A4F7556}") = "Advent", "Advent.csproj", "{74D884F1-327B-4014-A53B-C983AAF85A94}"
EndProject
Project("{FAE04EC0-301F-11D3-BF4B-00C04F79EFBC}") = "Test", "..\Test\Test.csproj", "{70FFBC38-4F2E-44B1-96C6-82C6F479536F}"
EndProject
Global
	GlobalSection(SolutionConfigurationPlatforms) = preSolution
		Debug|Any CPU = Debug|Any CPU
		Release|Any CPU = Release|Any CPU
	EndGlobalSection
	GlobalSection(ProjectConfigurationPlatforms) = postSolution
		{74D884F1-327B-4014-A53B-C983AAF85A94}.Debug|Any CPU.ActiveCfg = Debug|Any CPU
		{74D884F1-327B-4014-A53B-C983AAF85A94}.Debug|Any CPU.Build.0 = Debug|Any CPU
		{74D884F1-327B-4014-A53B-C983AAF85A94}.Release|Any CPU.ActiveCfg = Release|Any CPU
		{74D884F1-327B-4014-A53B-C983AAF85A94}.Release|Any CPU.Build.0 = Release|Any CPU
		{70FFBC38-4F2E-44B1-96C6-82C6F479536F}.Debug|Any CPU.ActiveCfg = Debug|Any CPU
		{70FFBC38-4F2E-44B1-96C6-82C6F479536F}.Debug|Any CPU.Build.0 = Debug|Any CPU
		{70FFBC38-4F2E-44B1-96C6-82C6F479536F}.Release|Any CPU.ActiveCfg = Release|Any CPU
		{70FFBC38-4F2E-44B1-96C6-82C6F479536F}.Release|Any CPU.Build.0 = Release|Any CPU
	EndGlobalSection
	GlobalSection(SolutionProperties) = preSolution
		HideSolutionNode = FALSE
	EndGlobalSection
	GlobalSection(ExtensibilityGlobals) = postSolution
		SolutionGuid = {69BD6F65-8A1C-4735-8EBE-1F5758C34DAD}
	EndGlobalSection
EndGlobal
